
Microsoft Visual Studio Solution File, Format Version 12.00
# Visual Studio Version 17
VisualStudioVersion = 17.4.33205.214
MinimumVisualStudioVersion = 10.0.40219.1
Project("{9A19103F-16F7-4668-BE54-9A1E7A4F7556}") = "Dna.Tool", "Dna.Tool\Dna.Tool.csproj", "{1F219ABA-C867-48AE-8D55-941880A7F05F}"
EndProject
Project("{2150E333-8FDC-42A3-9474-1A3956D46DE8}") = "Solution Items", "Solution Items", "{1A08FDDB-69D9-465F-934B-7C66003BFA21}"
	ProjectSection(SolutionItems) = preProject
		docs\dev-ideas.txt = docs\dev-ideas.txt
	EndProjectSection
EndProject
Global
	GlobalSection(SolutionConfigurationPlatforms) = preSolution
		Debug|Any CPU = Debug|Any CPU
		Release|Any CPU = Release|Any CPU
	EndGlobalSection
	GlobalSection(ProjectConfigurationPlatforms) = postSolution
		{1F219ABA-C867-48AE-8D55-941880A7F05F}.Debug|Any CPU.ActiveCfg = Debug|Any CPU
		{1F219ABA-C867-48AE-8D55-941880A7F05F}.Debug|Any CPU.Build.0 = Debug|Any CPU
		{1F219ABA-C867-48AE-8D55-941880A7F05F}.Release|Any CPU.ActiveCfg = Release|Any CPU
		{1F219ABA-C867-48AE-8D55-941880A7F05F}.Release|Any CPU.Build.0 = Release|Any CPU
	EndGlobalSection
	GlobalSection(SolutionProperties) = preSolution
		HideSolutionNode = FALSE
	EndGlobalSection
	GlobalSection(ExtensibilityGlobals) = postSolution
		SolutionGuid = {DDBC119D-058C-4A6A-A2AD-2640DC3FD464}
	EndGlobalSection
EndGlobal
